// !$*UTF8*$!
{
	archiveVersion = 1;
	classes = {
	};
	objectVersion = 46;
	objects = {

/* Begin PBXBuildFile section */
		657DAFEB1B972C3900A391A6 /* AppDelegate.swift in Sources */ = {isa = PBXBuildFile; fileRef = 657DAFEA1B972C3900A391A6 /* AppDelegate.swift */; };
		657DAFED1B972C3900A391A6 /* ViewController.swift in Sources */ = {isa = PBXBuildFile; fileRef = 657DAFEC1B972C3900A391A6 /* ViewController.swift */; };
		657DAFF01B972C3900A391A6 /* Main.storyboard in Resources */ = {isa = PBXBuildFile; fileRef = 657DAFEE1B972C3900A391A6 /* Main.storyboard */; };
		657DAFF21B972C3900A391A6 /* Images.xcassets in Resources */ = {isa = PBXBuildFile; fileRef = 657DAFF11B972C3900A391A6 /* Images.xcassets */; };
		657DAFF51B972C3900A391A6 /* LaunchScreen.xib in Resources */ = {isa = PBXBuildFile; fileRef = 657DAFF31B972C3900A391A6 /* LaunchScreen.xib */; };
		657DB0011B972C3A00A391A6 /* Draw_TunesTests.swift in Sources */ = {isa = PBXBuildFile; fileRef = 657DB0001B972C3A00A391A6 /* Draw_TunesTests.swift */; };
/* End PBXBuildFile section */

/* Begin PBXContainerItemProxy section */
		657DAFFB1B972C3900A391A6 /* PBXContainerItemProxy */ = {
			isa = PBXContainerItemProxy;
			containerPortal = 657DAFDD1B972C3900A391A6 /* Project object */;
			proxyType = 1;
			remoteGlobalIDString = 657DAFE41B972C3900A391A6;
			remoteInfo = "Draw Tunes";
		};
/* End PBXContainerItemProxy section */

/* Begin PBXFileReference section */
		657DAFE51B972C3900A391A6 /* Draw Tunes.app */ = {isa = PBXFileReference; explicitFileType = wrapper.application; includeInIndex = 0; path = "Draw Tunes.app"; sourceTree = BUILT_PRODUCTS_DIR; };
		657DAFE91B972C3900A391A6 /* Info.plist */ = {isa = PBXFileReference; lastKnownFileType = text.plist.xml; path = Info.plist; sourceTree = "<group>"; };
		657DAFEA1B972C3900A391A6 /* AppDelegate.swift */ = {isa = PBXFileReference; lastKnownFileType = sourcecode.swift; path = AppDelegate.swift; sourceTree = "<group>"; };
		657DAFEC1B972C3900A391A6 /* ViewController.swift */ = {isa = PBXFileReference; lastKnownFileType = sourcecode.swift; path = ViewController.swift; sourceTree = "<group>"; };
		657DAFEF1B972C3900A391A6 /* Base */ = {isa = PBXFileReference; lastKnownFileType = file.storyboard; name = Base; path = Base.lproj/Main.storyboard; sourceTree = "<group>"; };
		657DAFF11B972C3900A391A6 /* Images.xcassets */ = {isa = PBXFileReference; lastKnownFileType = folder.assetcatalog; path = Images.xcassets; sourceTree = "<group>"; };
		657DAFF41B972C3900A391A6 /* Base */ = {isa = PBXFileReference; lastKnownFileType = file.xib; name = Base; path = Base.lproj/LaunchScreen.xib; sourceTree = "<group>"; };
		657DAFFA1B972C3900A391A6 /* Draw TunesTests.xctest */ = {isa = PBXFileReference; explicitFileType = wrapper.cfbundle; includeInIndex = 0; path = "Draw TunesTests.xctest"; sourceTree = BUILT_PRODUCTS_DIR; };
		657DAFFF1B972C3900A391A6 /* Info.plist */ = {isa = PBXFileReference; lastKnownFileType = text.plist.xml; path = Info.plist; sourceTree = "<group>"; };
		657DB0001B972C3A00A391A6 /* Draw_TunesTests.swift */ = {isa = PBXFileReference; lastKnownFileType = sourcecode.swift; path = Draw_TunesTests.swift; sourceTree = "<group>"; };
/* End PBXFileReference section */

/* Begin PBXFrameworksBuildPhase section */
		657DAFE21B972C3900A391A6 /* Frameworks */ = {
			isa = PBXFrameworksBuildPhase;
			buildActionMask = 2147483647;
			files = (
			);
			runOnlyForDeploymentPostprocessing = 0;
		};
		657DAFF71B972C3900A391A6 /* Frameworks */ = {
			isa = PBXFrameworksBuildPhase;
			buildActionMask = 2147483647;
			files = (
			);
			runOnlyForDeploymentPostprocessing = 0;
		};
/* End PBXFrameworksBuildPhase section */

/* Begin PBXGroup section */
		657DAFDC1B972C3900A391A6 = {
			isa = PBXGroup;
			children = (
				657DAFE71B972C3900A391A6 /* Draw Tunes */,
				657DAFFD1B972C3900A391A6 /* Draw TunesTests */,
				657DAFE61B972C3900A391A6 /* Products */,
			);
			sourceTree = "<group>";
		};
		657DAFE61B972C3900A391A6 /* Products */ = {
			isa = PBXGroup;
			children = (
				657DAFE51B972C3900A391A6 /* Draw Tunes.app */,
				657DAFFA1B972C3900A391A6 /* Draw TunesTests.xctest */,
			);
			name = Products;
			sourceTree = "<group>";
		};
		657DAFE71B972C3900A391A6 /* Draw Tunes */ = {
			isa = PBXGroup;
			children = (
				657DAFEA1B972C3900A391A6 /* AppDelegate.swift */,
				657DAFEC1B972C3900A391A6 /* ViewController.swift */,
				657DAFEE1B972C3900A391A6 /* Main.storyboard */,
				657DAFF11B972C3900A391A6 /* Images.xcassets */,
				657DAFF31B972C3900A391A6 /* LaunchScreen.xib */,
				657DAFE81B972C3900A391A6 /* Supporting Files */,
			);
			path = "Draw Tunes";
			sourceTree = "<group>";
		};
		657DAFE81B972C3900A391A6 /* Supporting Files */ = {
			isa = PBXGroup;
			children = (
				657DAFE91B972C3900A391A6 /* Info.plist */,
			);
			name = "Supporting Files";
			sourceTree = "<group>";
		};
		657DAFFD1B972C3900A391A6 /* Draw TunesTests */ = {
			isa = PBXGroup;
			children = (
				657DB0001B972C3A00A391A6 /* Draw_TunesTests.swift */,
				657DAFFE1B972C3900A391A6 /* Supporting Files */,
			);
			path = "Draw TunesTests";
			sourceTree = "<group>";
		};
		657DAFFE1B972C3900A391A6 /* Supporting Files */ = {
			isa = PBXGroup;
			children = (
				657DAFFF1B972C3900A391A6 /* Info.plist */,
			);
			name = "Supporting Files";
			sourceTree = "<group>";
		};
/* End PBXGroup section */

/* Begin PBXNativeTarget section */
		657DAFE41B972C3900A391A6 /* Draw Tunes */ = {
			isa = PBXNativeTarget;
			buildConfigurationList = 657DB0041B972C3A00A391A6 /* Build configuration list for PBXNativeTarget "Draw Tunes" */;
			buildPhases = (
				657DAFE11B972C3900A391A6 /* Sources */,
				657DAFE21B972C3900A391A6 /* Frameworks */,
				657DAFE31B972C3900A391A6 /* Resources */,
			);
			buildRules = (
			);
			dependencies = (
			);
			name = "Draw Tunes";
			productName = "Draw Tunes";
			productReference = 657DAFE51B972C3900A391A6 /* Draw Tunes.app */;
			productType = "com.apple.product-type.application";
		};
		657DAFF91B972C3900A391A6 /* Draw TunesTests */ = {
			isa = PBXNativeTarget;
			buildConfigurationList = 657DB0071B972C3A00A391A6 /* Build configuration list for PBXNativeTarget "Draw TunesTests" */;
			buildPhases = (
				657DAFF61B972C3900A391A6 /* Sources */,
				657DAFF71B972C3900A391A6 /* Frameworks */,
				657DAFF81B972C3900A391A6 /* Resources */,
			);
			buildRules = (
			);
			dependencies = (
				657DAFFC1B972C3900A391A6 /* PBXTargetDependency */,
			);
			name = "Draw TunesTests";
			productName = "Draw TunesTests";
			productReference = 657DAFFA1B972C3900A391A6 /* Draw TunesTests.xctest */;
			productType = "com.apple.product-type.bundle.unit-test";
		};
/* End PBXNativeTarget section */

/* Begin PBXProject section */
		657DAFDD1B972C3900A391A6 /* Project object */ = {
			isa = PBXProject;
			attributes = {
				LastUpgradeCheck = 0640;
				ORGANIZATIONNAME = "Brian Gustafson";
				TargetAttributes = {
					657DAFE41B972C3900A391A6 = {
						CreatedOnToolsVersion = 6.4;
					};
					657DAFF91B972C3900A391A6 = {
						CreatedOnToolsVersion = 6.4;
						TestTargetID = 657DAFE41B972C3900A391A6;
					};
				};
			};
			buildConfigurationList = 657DAFE01B972C3900A391A6 /* Build configuration list for PBXProject "Draw Tunes" */;
			compatibilityVersion = "Xcode 3.2";
			developmentRegion = English;
			hasScannedForEncodings = 0;
			knownRegions = (
				en,
				Base,
			);
			mainGroup = 657DAFDC1B972C3900A391A6;
			productRefGroup = 657DAFE61B972C3900A391A6 /* Products */;
			projectDirPath = "";
			projectRoot = "";
			targets = (
				657DAFE41B972C3900A391A6 /* Draw Tunes */,
				657DAFF91B972C3900A391A6 /* Draw TunesTests */,
			);
		};
/* End PBXProject section */

/* Begin PBXResourcesBuildPhase section */
		657DAFE31B972C3900A391A6 /* Resources */ = {
			isa = PBXResourcesBuildPhase;
			buildActionMask = 2147483647;
			files = (
				657DAFF01B972C3900A391A6 /* Main.storyboard in Resources */,
				657DAFF51B972C3900A391A6 /* LaunchScreen.xib in Resources */,
				657DAFF21B972C3900A391A6 /* Images.xcassets in Resources */,
			);
			runOnlyForDeploymentPostprocessing = 0;
		};
		657DAFF81B972C3900A391A6 /* Resources */ = {
			isa = PBXResourcesBuildPhase;
			buildActionMask = 2147483647;
			files = (
			);
			runOnlyForDeploymentPostprocessing = 0;
		};
/* End PBXResourcesBuildPhase section */

/* Begin PBXSourcesBuildPhase section */
		657DAFE11B972C3900A391A6 /* Sources */ = {
			isa = PBXSourcesBuildPhase;
			buildActionMask = 2147483647;
			files = (
				657DAFED1B972C3900A391A6 /* ViewController.swift in Sources */,
				657DAFEB1B972C3900A391A6 /* AppDelegate.swift in Sources */,
			);
			runOnlyForDeploymentPostprocessing = 0;
		};
		657DAFF61B972C3900A391A6 /* Sources */ = {
			isa = PBXSourcesBuildPhase;
			buildActionMask = 2147483647;
			files = (
				657DB0011B972C3A00A391A6 /* Draw_TunesTests.swift in Sources */,
			);
			runOnlyForDeploymentPostprocessing = 0;
		};
/* End PBXSourcesBuildPhase section */

/* Begin PBXTargetDependency section */
		657DAFFC1B972C3900A391A6 /* PBXTargetDependency */ = {
			isa = PBXTargetDependency;
			target = 657DAFE41B972C3900A391A6 /* Draw Tunes */;
			targetProxy = 657DAFFB1B972C3900A391A6 /* PBXContainerItemProxy */;
		};
/* End PBXTargetDependency section */

/* Begin PBXVariantGroup section */
		657DAFEE1B972C3900A391A6 /* Main.storyboard */ = {
			isa = PBXVariantGroup;
			children = (
				657DAFEF1B972C3900A391A6 /* Base */,
			);
			name = Main.storyboard;
			sourceTree = "<group>";
		};
		657DAFF31B972C3900A391A6 /* LaunchScreen.xib */ = {
			isa = PBXVariantGroup;
			children = (
				657DAFF41B972C3900A391A6 /* Base */,
			);
			name = LaunchScreen.xib;
			sourceTree = "<group>";
		};
/* End PBXVariantGroup section */

/* Begin XCBuildConfiguration section */
		657DB0021B972C3A00A391A6 /* Debug */ = {
			isa = XCBuildConfiguration;
			buildSettings = {
				ALWAYS_SEARCH_USER_PATHS = NO;
				CLANG_CXX_LANGUAGE_STANDARD = "gnu++0x";
				CLANG_CXX_LIBRARY = "libc++";
				CLANG_ENABLE_MODULES = YES;
				CLANG_ENABLE_OBJC_ARC = YES;
				CLANG_WARN_BOOL_CONVERSION = YES;
				CLANG_WARN_CONSTANT_CONVERSION = YES;
				CLANG_WARN_DIRECT_OBJC_ISA_USAGE = YES_ERROR;
				CLANG_WARN_EMPTY_BODY = YES;
				CLANG_WARN_ENUM_CONVERSION = YES;
				CLANG_WARN_INT_CONVERSION = YES;
				CLANG_WARN_OBJC_ROOT_CLASS = YES_ERROR;
				CLANG_WARN_UNREACHABLE_CODE = YES;
				CLANG_WARN__DUPLICATE_METHOD_MATCH = YES;
				"CODE_SIGN_IDENTITY[sdk=iphoneos*]" = "iPhone Developer";
				COPY_PHASE_STRIP = NO;
				DEBUG_INFORMATION_FORMAT = "dwarf-with-dsym";
				ENABLE_STRICT_OBJC_MSGSEND = YES;
				GCC_C_LANGUAGE_STANDARD = gnu99;
				GCC_DYNAMIC_NO_PIC = NO;
				GCC_NO_COMMON_BLOCKS = YES;
				GCC_OPTIMIZATION_LEVEL = 0;
				GCC_PREPROCESSOR_DEFINITIONS = (
					"DEBUG=1",
					"$(inherited)",
				);
				GCC_SYMBOLS_PRIVATE_EXTERN = NO;
				GCC_WARN_64_TO_32_BIT_CONVERSION = YES;
				GCC_WARN_ABOUT_RETURN_TYPE = YES_ERROR;
				GCC_WARN_UNDECLARED_SELECTOR = YES;
				GCC_WARN_UNINITIALIZED_AUTOS = YES_AGGRESSIVE;
				GCC_WARN_UNUSED_FUNCTION = YES;
				GCC_WARN_UNUSED_VARIABLE = YES;
				IPHONEOS_DEPLOYMENT_TARGET = 8.4;
				MTL_ENABLE_DEBUG_INFO = YES;
				ONLY_ACTIVE_ARCH = YES;
				SDKROOT = iphoneos;
				SWIFT_OPTIMIZATION_LEVEL = "-Onone";
				TARGETED_DEVICE_FAMILY = "1,2";
			};
			name = Debug;
		};
		657DB0031B972C3A00A391A6 /* Release */ = {
			isa = XCBuildConfiguration;
			buildSettings = {
				ALWAYS_SEARCH_USER_PATHS = NO;
				CLANG_CXX_LANGUAGE_STANDARD = "gnu++0x";
				CLANG_CXX_LIBRARY = "libc++";
				CLANG_ENABLE_MODULES = YES;
				CLANG_ENABLE_OBJC_ARC = YES;
				CLANG_WARN_BOOL_CONVERSION = YES;
				CLANG_WARN_CONSTANT_CONVERSION = YES;
				CLANG_WARN_DIRECT_OBJC_ISA_USAGE = YES_ERROR;
				CLANG_WARN_EMPTY_BODY = YES;
				CLANG_WARN_ENUM_CONVERSION = YES;
				CLANG_WARN_INT_CONVERSION = YES;
				CLANG_WARN_OBJC_ROOT_CLASS = YES_ERROR;
				CLANG_WARN_UNREACHABLE_CODE = YES;
				CLANG_WARN__DUPLICATE_METHOD_MATCH = YES;
				"CODE_SIGN_IDENTITY[sdk=iphoneos*]" = "iPhone Developer";
				COPY_PHASE_STRIP = NO;
				DEBUG_INFORMATION_FORMAT = "dwarf-with-dsym";
				ENABLE_NS_ASSERTIONS = NO;
				ENABLE_STRICT_OBJC_MSGSEND = YES;
				GCC_C_LANGUAGE_STANDARD = gnu99;
				GCC_NO_COMMON_BLOCKS = YES;
				GCC_WARN_64_TO_32_BIT_CONVERSION = YES;
				GCC_WARN_ABOUT_RETURN_TYPE = YES_ERROR;
				GCC_WARN_UNDECLARED_SELECTOR = YES;
				GCC_WARN_UNINITIALIZED_AUTOS = YES_AGGRESSIVE;
				GCC_WARN_UNUSED_FUNCTION = YES;
				GCC_WARN_UNUSED_VARIABLE = YES;
				IPHONEOS_DEPLOYMENT_TARGET = 8.4;
				MTL_ENABLE_DEBUG_INFO = NO;
				SDKROOT = iphoneos;
				TARGETED_DEVICE_FAMILY = "1,2";
				VALIDATE_PRODUCT = YES;
			};
			name = Release;
		};
		657DB0051B972C3A00A391A6 /* Debug */ = {
			isa = XCBuildConfiguration;
			buildSettings = {
				ASSETCATALOG_COMPILER_APPICON_NAME = AppIcon;
				INFOPLIST_FILE = "Draw Tunes/Info.plist";
				LD_RUNPATH_SEARCH_PATHS = "$(inherited) @executable_path/Frameworks";
				PRODUCT_NAME = "$(TARGET_NAME)";
			};
			name = Debug;
		};
		657DB0061B972C3A00A391A6 /* Release */ = {
			isa = XCBuildConfiguration;
			buildSettings = {
				ASSETCATALOG_COMPILER_APPICON_NAME = AppIcon;
				INFOPLIST_FILE = "Draw Tunes/Info.plist";
				LD_RUNPATH_SEARCH_PATHS = "$(inherited) @executable_path/Frameworks";
				PRODUCT_NAME = "$(TARGET_NAME)";
			};
			name = Release;
		};
		657DB0081B972C3A00A391A6 /* Debug */ = {
			isa = XCBuildConfiguration;
			buildSettings = {
				BUNDLE_LOADER = "$(TEST_HOST)";
				FRAMEWORK_SEARCH_PATHS = (
					"$(SDKROOT)/Developer/Library/Frameworks",
					"$(inherited)",
				);
				GCC_PREPROCESSOR_DEFINITIONS = (
					"DEBUG=1",
					"$(inherited)",
				);
				INFOPLIST_FILE = "Draw TunesTests/Info.plist";
				LD_RUNPATH_SEARCH_PATHS = "$(inherited) @executable_path/Frameworks @loader_path/Frameworks";
				PRODUCT_NAME = "$(TARGET_NAME)";
				TEST_HOST = "$(BUILT_PRODUCTS_DIR)/Draw Tunes.app/Draw Tunes";
			};
			name = Debug;
		};
		657DB0091B972C3A00A391A6 /* Release */ = {
			isa = XCBuildConfiguration;
			buildSettings = {
				BUNDLE_LOADER = "$(TEST_HOST)";
				FRAMEWORK_SEARCH_PATHS = (
					"$(SDKROOT)/Developer/Library/Frameworks",
					"$(inherited)",
				);
				INFOPLIST_FILE = "Draw TunesTests/Info.plist";
				LD_RUNPATH_SEARCH_PATHS = "$(inherited) @executable_path/Frameworks @loader_path/Frameworks";
				PRODUCT_NAME = "$(TARGET_NAME)";
				TEST_HOST = "$(BUILT_PRODUCTS_DIR)/Draw Tunes.app/Draw Tunes";
			};
			name = Release;
		};
/* End XCBuildConfiguration section */

/* Begin XCConfigurationList section */
		657DAFE01B972C3900A391A6 /* Build configuration list for PBXProject "Draw Tunes" */ = {
			isa = XCConfigurationList;
			buildConfigurations = (
				657DB0021B972C3A00A391A6 /* Debug */,
				657DB0031B972C3A00A391A6 /* Release */,
			);
			defaultConfigurationIsVisible = 0;
			defaultConfigurationName = Release;
		};
		657DB0041B972C3A00A391A6 /* Build configuration list for PBXNativeTarget "Draw Tunes" */ = {
			isa = XCConfigurationList;
			buildConfigurations = (
				657DB0051B972C3A00A391A6 /* Debug */,
				657DB0061B972C3A00A391A6 /* Release */,
			);
			defaultConfigurationIsVisible = 0;
		};
		657DB0071B972C3A00A391A6 /* Build configuration list for PBXNativeTarget "Draw TunesTests" */ = {
			isa = XCConfigurationList;
			buildConfigurations = (
				657DB0081B972C3A00A391A6 /* Debug */,
				657DB0091B972C3A00A391A6 /* Release */,
			);
			defaultConfigurationIsVisible = 0;
		};
/* End XCConfigurationList section */
	};
	rootObject = 657DAFDD1B972C3900A391A6 /* Project object */;
}
